// !$*UTF8*$!
{
	archiveVersion = 1;
	classes = {
	};
	objectVersion = 50;
	objects = {

/* Begin PBXBuildFile section */
		3538437B2350D77400925ED5 /* AppDelegate.m in Sources */ = {isa = PBXBuildFile; fileRef = 3538437A2350D77400925ED5 /* AppDelegate.m */; };
		353843812350D77400925ED5 /* Main.storyboard in Resources */ = {isa = PBXBuildFile; fileRef = 3538437F2350D77400925ED5 /* Main.storyboard */; };
		353843832350D77500925ED5 /* Assets.xcassets in Resources */ = {isa = PBXBuildFile; fileRef = 353843822350D77500925ED5 /* Assets.xcassets */; };
		353843862350D77500925ED5 /* LaunchScreen.storyboard in Resources */ = {isa = PBXBuildFile; fileRef = 353843842350D77500925ED5 /* LaunchScreen.storyboard */; };
		353843892350D77500925ED5 /* main.m in Sources */ = {isa = PBXBuildFile; fileRef = 353843882350D77500925ED5 /* main.m */; };
		353843982350DB4500925ED5 /* JLMovie.m in Sources */ = {isa = PBXBuildFile; fileRef = 353843972350DB4500925ED5 /* JLMovie.m */; };
		3538439C2350DCED00925ED5 /* JLMovieController.m in Sources */ = {isa = PBXBuildFile; fileRef = 3538439B2350DCED00925ED5 /* JLMovieController.m */; };
/* End PBXBuildFile section */

/* Begin PBXFileReference section */
		353843762350D77400925ED5 /* Movie Search-C.app */ = {isa = PBXFileReference; explicitFileType = wrapper.application; includeInIndex = 0; path = "Movie Search-C.app"; sourceTree = BUILT_PRODUCTS_DIR; };
		353843792350D77400925ED5 /* AppDelegate.h */ = {isa = PBXFileReference; lastKnownFileType = sourcecode.c.h; path = AppDelegate.h; sourceTree = "<group>"; };
		3538437A2350D77400925ED5 /* AppDelegate.m */ = {isa = PBXFileReference; lastKnownFileType = sourcecode.c.objc; path = AppDelegate.m; sourceTree = "<group>"; };
		353843802350D77400925ED5 /* Base */ = {isa = PBXFileReference; lastKnownFileType = file.storyboard; name = Base; path = Base.lproj/Main.storyboard; sourceTree = "<group>"; };
		353843822350D77500925ED5 /* Assets.xcassets */ = {isa = PBXFileReference; lastKnownFileType = folder.assetcatalog; path = Assets.xcassets; sourceTree = "<group>"; };
		353843852350D77500925ED5 /* Base */ = {isa = PBXFileReference; lastKnownFileType = file.storyboard; name = Base; path = Base.lproj/LaunchScreen.storyboard; sourceTree = "<group>"; };
		353843872350D77500925ED5 /* Info.plist */ = {isa = PBXFileReference; lastKnownFileType = text.plist.xml; path = Info.plist; sourceTree = "<group>"; };
		353843882350D77500925ED5 /* main.m */ = {isa = PBXFileReference; lastKnownFileType = sourcecode.c.objc; path = main.m; sourceTree = "<group>"; };
		353843962350DB4500925ED5 /* JLMovie.h */ = {isa = PBXFileReference; lastKnownFileType = sourcecode.c.h; path = JLMovie.h; sourceTree = "<group>"; };
		353843972350DB4500925ED5 /* JLMovie.m */ = {isa = PBXFileReference; lastKnownFileType = sourcecode.c.objc; path = JLMovie.m; sourceTree = "<group>"; };
		3538439A2350DCED00925ED5 /* JLMovieController.h */ = {isa = PBXFileReference; lastKnownFileType = sourcecode.c.h; path = JLMovieController.h; sourceTree = "<group>"; };
		3538439B2350DCED00925ED5 /* JLMovieController.m */ = {isa = PBXFileReference; lastKnownFileType = sourcecode.c.objc; path = JLMovieController.m; sourceTree = "<group>"; };
/* End PBXFileReference section */

/* Begin PBXFrameworksBuildPhase section */
		353843732350D77400925ED5 /* Frameworks */ = {
			isa = PBXFrameworksBuildPhase;
			buildActionMask = 2147483647;
			files = (
			);
			runOnlyForDeploymentPostprocessing = 0;
		};
/* End PBXFrameworksBuildPhase section */

/* Begin PBXGroup section */
		3538436D2350D77400925ED5 = {
			isa = PBXGroup;
			children = (
				353843782350D77400925ED5 /* Movie Search-C */,
				353843772350D77400925ED5 /* Products */,
			);
			sourceTree = "<group>";
		};
		353843772350D77400925ED5 /* Products */ = {
			isa = PBXGroup;
			children = (
				353843762350D77400925ED5 /* Movie Search-C.app */,
			);
			name = Products;
			sourceTree = "<group>";
		};
		353843782350D77400925ED5 /* Movie Search-C */ = {
			isa = PBXGroup;
			children = (
				3538438F2350D78600925ED5 /* Sources */,
				353843952350DA8E00925ED5 /* Models */,
				353843992350DCD600925ED5 /* Model Controllers */,
				353843902350D79300925ED5 /* Views */,
				353843912350D79D00925ED5 /* Resources */,
			);
			path = "Movie Search-C";
			sourceTree = "<group>";
		};
		3538438F2350D78600925ED5 /* Sources */ = {
			isa = PBXGroup;
			children = (
				353843792350D77400925ED5 /* AppDelegate.h */,
				3538437A2350D77400925ED5 /* AppDelegate.m */,
			);
			path = Sources;
			sourceTree = "<group>";
		};
		353843902350D79300925ED5 /* Views */ = {
			isa = PBXGroup;
			children = (
				3538437F2350D77400925ED5 /* Main.storyboard */,
			);
			path = Views;
			sourceTree = "<group>";
		};
		353843912350D79D00925ED5 /* Resources */ = {
			isa = PBXGroup;
			children = (
				353843822350D77500925ED5 /* Assets.xcassets */,
				353843842350D77500925ED5 /* LaunchScreen.storyboard */,
				353843872350D77500925ED5 /* Info.plist */,
				353843882350D77500925ED5 /* main.m */,
			);
			path = Resources;
			sourceTree = "<group>";
		};
		353843952350DA8E00925ED5 /* Models */ = {
			isa = PBXGroup;
			children = (
				353843962350DB4500925ED5 /* JLMovie.h */,
				353843972350DB4500925ED5 /* JLMovie.m */,
			);
			path = Models;
			sourceTree = "<group>";
		};
		353843992350DCD600925ED5 /* Model Controllers */ = {
			isa = PBXGroup;
			children = (
				3538439A2350DCED00925ED5 /* JLMovieController.h */,
				3538439B2350DCED00925ED5 /* JLMovieController.m */,
			);
			path = "Model Controllers";
			sourceTree = "<group>";
		};
/* End PBXGroup section */

/* Begin PBXNativeTarget section */
		353843752350D77400925ED5 /* Movie Search-C */ = {
			isa = PBXNativeTarget;
			buildConfigurationList = 3538438C2350D77500925ED5 /* Build configuration list for PBXNativeTarget "Movie Search-C" */;
			buildPhases = (
				353843722350D77400925ED5 /* Sources */,
				353843732350D77400925ED5 /* Frameworks */,
				353843742350D77400925ED5 /* Resources */,
			);
			buildRules = (
			);
			dependencies = (
			);
			name = "Movie Search-C";
			productName = "Movie Search-C";
			productReference = 353843762350D77400925ED5 /* Movie Search-C.app */;
			productType = "com.apple.product-type.application";
		};
/* End PBXNativeTarget section */

/* Begin PBXProject section */
		3538436E2350D77400925ED5 /* Project object */ = {
			isa = PBXProject;
			attributes = {
				CLASSPREFIX = JL;
				LastUpgradeCheck = 1010;
				ORGANIZATIONNAME = "Squanto Inc";
				TargetAttributes = {
					353843752350D77400925ED5 = {
						CreatedOnToolsVersion = 10.1;
					};
				};
			};
			buildConfigurationList = 353843712350D77400925ED5 /* Build configuration list for PBXProject "Movie Search-C" */;
			compatibilityVersion = "Xcode 9.3";
			developmentRegion = en;
			hasScannedForEncodings = 0;
			knownRegions = (
				en,
				Base,
			);
			mainGroup = 3538436D2350D77400925ED5;
			productRefGroup = 353843772350D77400925ED5 /* Products */;
			projectDirPath = "";
			projectRoot = "";
			targets = (
				353843752350D77400925ED5 /* Movie Search-C */,
			);
		};
/* End PBXProject section */

/* Begin PBXResourcesBuildPhase section */
		353843742350D77400925ED5 /* Resources */ = {
			isa = PBXResourcesBuildPhase;
			buildActionMask = 2147483647;
			files = (
				353843862350D77500925ED5 /* LaunchScreen.storyboard in Resources */,
				353843832350D77500925ED5 /* Assets.xcassets in Resources */,
				353843812350D77400925ED5 /* Main.storyboard in Resources */,
			);
			runOnlyForDeploymentPostprocessing = 0;
		};
/* End PBXResourcesBuildPhase section */

/* Begin PBXSourcesBuildPhase section */
		353843722350D77400925ED5 /* Sources */ = {
			isa = PBXSourcesBuildPhase;
			buildActionMask = 2147483647;
			files = (
				3538439C2350DCED00925ED5 /* JLMovieController.m in Sources */,
				353843892350D77500925ED5 /* main.m in Sources */,
				3538437B2350D77400925ED5 /* AppDelegate.m in Sources */,
				353843982350DB4500925ED5 /* JLMovie.m in Sources */,
			);
			runOnlyForDeploymentPostprocessing = 0;
		};
/* End PBXSourcesBuildPhase section */

/* Begin PBXVariantGroup section */
		3538437F2350D77400925ED5 /* Main.storyboard */ = {
			isa = PBXVariantGroup;
			children = (
				353843802350D77400925ED5 /* Base */,
			);
			name = Main.storyboard;
			sourceTree = "<group>";
		};
		353843842350D77500925ED5 /* LaunchScreen.storyboard */ = {
			isa = PBXVariantGroup;
			children = (
				353843852350D77500925ED5 /* Base */,
			);
			name = LaunchScreen.storyboard;
			sourceTree = "<group>";
		};
/* End PBXVariantGroup section */

/* Begin XCBuildConfiguration section */
		3538438A2350D77500925ED5 /* Debug */ = {
			isa = XCBuildConfiguration;
			buildSettings = {
				ALWAYS_SEARCH_USER_PATHS = NO;
				CLANG_ANALYZER_NONNULL = YES;
				CLANG_ANALYZER_NUMBER_OBJECT_CONVERSION = YES_AGGRESSIVE;
				CLANG_CXX_LANGUAGE_STANDARD = "gnu++14";
				CLANG_CXX_LIBRARY = "libc++";
				CLANG_ENABLE_MODULES = YES;
				CLANG_ENABLE_OBJC_ARC = YES;
				CLANG_ENABLE_OBJC_WEAK = YES;
				CLANG_WARN_BLOCK_CAPTURE_AUTORELEASING = YES;
				CLANG_WARN_BOOL_CONVERSION = YES;
				CLANG_WARN_COMMA = YES;
				CLANG_WARN_CONSTANT_CONVERSION = YES;
				CLANG_WARN_DEPRECATED_OBJC_IMPLEMENTATIONS = YES;
				CLANG_WARN_DIRECT_OBJC_ISA_USAGE = YES_ERROR;
				CLANG_WARN_DOCUMENTATION_COMMENTS = YES;
				CLANG_WARN_EMPTY_BODY = YES;
				CLANG_WARN_ENUM_CONVERSION = YES;
				CLANG_WARN_INFINITE_RECURSION = YES;
				CLANG_WARN_INT_CONVERSION = YES;
				CLANG_WARN_NON_LITERAL_NULL_CONVERSION = YES;
				CLANG_WARN_OBJC_IMPLICIT_RETAIN_SELF = YES;
				CLANG_WARN_OBJC_LITERAL_CONVERSION = YES;
				CLANG_WARN_OBJC_ROOT_CLASS = YES_ERROR;
				CLANG_WARN_RANGE_LOOP_ANALYSIS = YES;
				CLANG_WARN_STRICT_PROTOTYPES = YES;
				CLANG_WARN_SUSPICIOUS_MOVE = YES;
				CLANG_WARN_UNGUARDED_AVAILABILITY = YES_AGGRESSIVE;
				CLANG_WARN_UNREACHABLE_CODE = YES;
				CLANG_WARN__DUPLICATE_METHOD_MATCH = YES;
				CODE_SIGN_IDENTITY = "iPhone Developer";
				COPY_PHASE_STRIP = NO;
				DEBUG_INFORMATION_FORMAT = dwarf;
				ENABLE_STRICT_OBJC_MSGSEND = YES;
				ENABLE_TESTABILITY = YES;
				GCC_C_LANGUAGE_STANDARD = gnu11;
				GCC_DYNAMIC_NO_PIC = NO;
				GCC_NO_COMMON_BLOCKS = YES;
				GCC_OPTIMIZATION_LEVEL = 0;
				GCC_PREPROCESSOR_DEFINITIONS = (
					"DEBUG=1",
					"$(inherited)",
				);
				GCC_WARN_64_TO_32_BIT_CONVERSION = YES;
				GCC_WARN_ABOUT_RETURN_TYPE = YES_ERROR;
				GCC_WARN_UNDECLARED_SELECTOR = YES;
				GCC_WARN_UNINITIALIZED_AUTOS = YES_AGGRESSIVE;
				GCC_WARN_UNUSED_FUNCTION = YES;
				GCC_WARN_UNUSED_VARIABLE = YES;
				IPHONEOS_DEPLOYMENT_TARGET = 12.1;
				MTL_ENABLE_DEBUG_INFO = INCLUDE_SOURCE;
				MTL_FAST_MATH = YES;
				ONLY_ACTIVE_ARCH = YES;
				SDKROOT = iphoneos;
			};
			name = Debug;
		};
		3538438B2350D77500925ED5 /* Release */ = {
			isa = XCBuildConfiguration;
			buildSettings = {
				ALWAYS_SEARCH_USER_PATHS = NO;
				CLANG_ANALYZER_NONNULL = YES;
				CLANG_ANALYZER_NUMBER_OBJECT_CONVERSION = YES_AGGRESSIVE;
				CLANG_CXX_LANGUAGE_STANDARD = "gnu++14";
				CLANG_CXX_LIBRARY = "libc++";
				CLANG_ENABLE_MODULES = YES;
				CLANG_ENABLE_OBJC_ARC = YES;
				CLANG_ENABLE_OBJC_WEAK = YES;
				CLANG_WARN_BLOCK_CAPTURE_AUTORELEASING = YES;
				CLANG_WARN_BOOL_CONVERSION = YES;
				CLANG_WARN_COMMA = YES;
				CLANG_WARN_CONSTANT_CONVERSION = YES;
				CLANG_WARN_DEPRECATED_OBJC_IMPLEMENTATIONS = YES;
				CLANG_WARN_DIRECT_OBJC_ISA_USAGE = YES_ERROR;
				CLANG_WARN_DOCUMENTATION_COMMENTS = YES;
				CLANG_WARN_EMPTY_BODY = YES;
				CLANG_WARN_ENUM_CONVERSION = YES;
				CLANG_WARN_INFINITE_RECURSION = YES;
				CLANG_WARN_INT_CONVERSION = YES;
				CLANG_WARN_NON_LITERAL_NULL_CONVERSION = YES;
				CLANG_WARN_OBJC_IMPLICIT_RETAIN_SELF = YES;
				CLANG_WARN_OBJC_LITERAL_CONVERSION = YES;
				CLANG_WARN_OBJC_ROOT_CLASS = YES_ERROR;
				CLANG_WARN_RANGE_LOOP_ANALYSIS = YES;
				CLANG_WARN_STRICT_PROTOTYPES = YES;
				CLANG_WARN_SUSPICIOUS_MOVE = YES;
				CLANG_WARN_UNGUARDED_AVAILABILITY = YES_AGGRESSIVE;
				CLANG_WARN_UNREACHABLE_CODE = YES;
				CLANG_WARN__DUPLICATE_METHOD_MATCH = YES;
				CODE_SIGN_IDENTITY = "iPhone Developer";
				COPY_PHASE_STRIP = NO;
				DEBUG_INFORMATION_FORMAT = "dwarf-with-dsym";
				ENABLE_NS_ASSERTIONS = NO;
				ENABLE_STRICT_OBJC_MSGSEND = YES;
				GCC_C_LANGUAGE_STANDARD = gnu11;
				GCC_NO_COMMON_BLOCKS = YES;
				GCC_WARN_64_TO_32_BIT_CONVERSION = YES;
				GCC_WARN_ABOUT_RETURN_TYPE = YES_ERROR;
				GCC_WARN_UNDECLARED_SELECTOR = YES;
				GCC_WARN_UNINITIALIZED_AUTOS = YES_AGGRESSIVE;
				GCC_WARN_UNUSED_FUNCTION = YES;
				GCC_WARN_UNUSED_VARIABLE = YES;
				IPHONEOS_DEPLOYMENT_TARGET = 12.1;
				MTL_ENABLE_DEBUG_INFO = NO;
				MTL_FAST_MATH = YES;
				SDKROOT = iphoneos;
				VALIDATE_PRODUCT = YES;
			};
			name = Release;
		};
		3538438D2350D77500925ED5 /* Debug */ = {
			isa = XCBuildConfiguration;
			buildSettings = {
				ASSETCATALOG_COMPILER_APPICON_NAME = AppIcon;
				CODE_SIGN_STYLE = Automatic;
				DEVELOPMENT_TEAM = EANQJ7L949;
				INFOPLIST_FILE = "$(SRCROOT)/Movie Search-C/Resources/Info.plist";
				LD_RUNPATH_SEARCH_PATHS = (
					"$(inherited)",
					"@executable_path/Frameworks",
				);
				PRODUCT_BUNDLE_IDENTIFIER = "com.squantoinc.Movie-Search-C";
				PRODUCT_NAME = "$(TARGET_NAME)";
				TARGETED_DEVICE_FAMILY = "1,2";
			};
			name = Debug;
		};
		3538438E2350D77500925ED5 /* Release */ = {
			isa = XCBuildConfiguration;
			buildSettings = {
				ASSETCATALOG_COMPILER_APPICON_NAME = AppIcon;
				CODE_SIGN_STYLE = Automatic;
				DEVELOPMENT_TEAM = EANQJ7L949;
				INFOPLIST_FILE = "$(SRCROOT)/Movie Search-C/Resources/Info.plist";
				LD_RUNPATH_SEARCH_PATHS = (
					"$(inherited)",
					"@executable_path/Frameworks",
				);
				PRODUCT_BUNDLE_IDENTIFIER = "com.squantoinc.Movie-Search-C";
				PRODUCT_NAME = "$(TARGET_NAME)";
				TARGETED_DEVICE_FAMILY = "1,2";
			};
			name = Release;
		};
/* End XCBuildConfiguration section */

/* Begin XCConfigurationList section */
		353843712350D77400925ED5 /* Build configuration list for PBXProject "Movie Search-C" */ = {
			isa = XCConfigurationList;
			buildConfigurations = (
				3538438A2350D77500925ED5 /* Debug */,
				3538438B2350D77500925ED5 /* Release */,
			);
			defaultConfigurationIsVisible = 0;
			defaultConfigurationName = Release;
		};
		3538438C2350D77500925ED5 /* Build configuration list for PBXNativeTarget "Movie Search-C" */ = {
			isa = XCConfigurationList;
			buildConfigurations = (
				3538438D2350D77500925ED5 /* Debug */,
				3538438E2350D77500925ED5 /* Release */,
			);
			defaultConfigurationIsVisible = 0;
			defaultConfigurationName = Release;
		};
/* End XCConfigurationList section */
	};
	rootObject = 3538436E2350D77400925ED5 /* Project object */;
}
